
Microsoft Visual Studio Solution File, Format Version 12.00
Project("{FAE04EC0-301F-11D3-BF4B-00C04F79EFBC}") = "LabMath", "LabMath\LabMath.csproj", "{B290D78E-147A-406B-9F56-1BB3418F5813}"
EndProject
Global
	GlobalSection(SolutionConfigurationPlatforms) = preSolution
		Debug|Any CPU = Debug|Any CPU
		Release|Any CPU = Release|Any CPU
	EndGlobalSection
	GlobalSection(ProjectConfigurationPlatforms) = postSolution
		{B290D78E-147A-406B-9F56-1BB3418F5813}.Debug|Any CPU.ActiveCfg = Debug|Any CPU
		{B290D78E-147A-406B-9F56-1BB3418F5813}.Debug|Any CPU.Build.0 = Debug|Any CPU
		{B290D78E-147A-406B-9F56-1BB3418F5813}.Release|Any CPU.ActiveCfg = Release|Any CPU
		{B290D78E-147A-406B-9F56-1BB3418F5813}.Release|Any CPU.Build.0 = Release|Any CPU
	EndGlobalSection
EndGlobal
